Microsoft Visual Studio Solution File, Format Version 12.00
# Visual Studio 14
VisualStudioVersion = 14.0.23107.0
MinimumVisualStudioVersion = 10.0.40219.1
Project("{2150E333-8FDC-42A3-9474-1A3956D46DE8}") = ".paket", ".paket", "{63297B98-5CED-492C-A5B7-A5B4F73CF142}"
	ProjectSection(SolutionItems) = preProject
		paket.dependencies = paket.dependencies
		paket.lock = paket.lock
	EndProjectSection
EndProject
Project("{2150E333-8FDC-42A3-9474-1A3956D46DE8}") = "docs", "docs", "{A6A6AF7D-D6E3-442D-9B1E-58CC91879BE1}"
EndProject
Project("{F2A71F9B-5D33-465A-A702-920D77279786}") = "Resharper.Paket", "src\Resharper.Paket\Resharper.Paket.fsproj", "{28502FE1-639B-4B48-9992-25483EDECEAD}"
EndProject
Project("{2150E333-8FDC-42A3-9474-1A3956D46DE8}") = "project", "project", "{BF60BC93-E09B-4E5F-9D85-95A519479D54}"
	ProjectSection(SolutionItems) = preProject
		build.fsx = build.fsx
		README.md = README.md
		RELEASE_NOTES.md = RELEASE_NOTES.md
	EndProjectSection
EndProject
Project("{2150E333-8FDC-42A3-9474-1A3956D46DE8}") = "tools", "tools", "{83F16175-43B1-4C90-A1EE-8E351C33435D}"
	ProjectSection(SolutionItems) = preProject
		docs\tools\generate.fsx = docs\tools\generate.fsx
		docs\tools\templates\template.cshtml = docs\tools\templates\template.cshtml
	EndProjectSection
EndProject
Project("{2150E333-8FDC-42A3-9474-1A3956D46DE8}") = "content", "content", "{8E6D5255-776D-4B61-85F9-73C37AA1FB9A}"
	ProjectSection(SolutionItems) = preProject
		docs\content\index.fsx = docs\content\index.fsx
		docs\content\tutorial.fsx = docs\content\tutorial.fsx
	EndProjectSection
EndProject
Project("{2150E333-8FDC-42A3-9474-1A3956D46DE8}") = "tests", "tests", "{ED8079DD-2B06-4030-9F0F-DC548F98E1C4}"
EndProject
Project("{F2A71F9B-5D33-465A-A702-920D77279786}") = "Resharper.Paket.Tests", "tests\Resharper.Paket.Tests\Resharper.Paket.Tests.fsproj", "{10EE463A-C278-421F-8436-CB1E58375724}"
EndProject
Project("{FAE04EC0-301F-11D3-BF4B-00C04F79EFBC}") = "Resharper.Paket.CSharp.Tests", "tests\Resharper.Paket.CSharp.Tests\Resharper.Paket.CSharp.Tests.csproj", "{B5F6D89D-532C-4BDD-8F40-E2E8F68DF3A5}"
EndProject
Project("{FAE04EC0-301F-11D3-BF4B-00C04F79EFBC}") = "Resharper.Paket.CSharp", "src\Resharper.Paket.CSharp\Resharper.Paket.CSharp.csproj", "{7355A959-CB4F-4C80-A984-CD47AE14527F}"
EndProject
Global
	GlobalSection(SolutionConfigurationPlatforms) = preSolution
		Debug|Any CPU = Debug|Any CPU
		Release|Any CPU = Release|Any CPU
	EndGlobalSection
	GlobalSection(ProjectConfigurationPlatforms) = postSolution
		{28502FE1-639B-4B48-9992-25483EDECEAD}.Debug|Any CPU.ActiveCfg = Debug|Any CPU
		{28502FE1-639B-4B48-9992-25483EDECEAD}.Debug|Any CPU.Build.0 = Debug|Any CPU
		{28502FE1-639B-4B48-9992-25483EDECEAD}.Release|Any CPU.ActiveCfg = Release|Any CPU
		{28502FE1-639B-4B48-9992-25483EDECEAD}.Release|Any CPU.Build.0 = Release|Any CPU
		{10EE463A-C278-421F-8436-CB1E58375724}.Debug|Any CPU.ActiveCfg = Debug|Any CPU
		{10EE463A-C278-421F-8436-CB1E58375724}.Debug|Any CPU.Build.0 = Debug|Any CPU
		{10EE463A-C278-421F-8436-CB1E58375724}.Release|Any CPU.ActiveCfg = Release|Any CPU
		{10EE463A-C278-421F-8436-CB1E58375724}.Release|Any CPU.Build.0 = Release|Any CPU
		{B5F6D89D-532C-4BDD-8F40-E2E8F68DF3A5}.Debug|Any CPU.ActiveCfg = Debug|Any CPU
		{B5F6D89D-532C-4BDD-8F40-E2E8F68DF3A5}.Debug|Any CPU.Build.0 = Debug|Any CPU
		{B5F6D89D-532C-4BDD-8F40-E2E8F68DF3A5}.Release|Any CPU.ActiveCfg = Release|Any CPU
		{B5F6D89D-532C-4BDD-8F40-E2E8F68DF3A5}.Release|Any CPU.Build.0 = Release|Any CPU
		{7355A959-CB4F-4C80-A984-CD47AE14527F}.Debug|Any CPU.ActiveCfg = Debug|Any CPU
		{7355A959-CB4F-4C80-A984-CD47AE14527F}.Debug|Any CPU.Build.0 = Debug|Any CPU
		{7355A959-CB4F-4C80-A984-CD47AE14527F}.Release|Any CPU.ActiveCfg = Release|Any CPU
		{7355A959-CB4F-4C80-A984-CD47AE14527F}.Release|Any CPU.Build.0 = Release|Any CPU
	EndGlobalSection
	GlobalSection(SolutionProperties) = preSolution
		HideSolutionNode = FALSE
	EndGlobalSection
	GlobalSection(NestedProjects) = preSolution
		{83F16175-43B1-4C90-A1EE-8E351C33435D} = {A6A6AF7D-D6E3-442D-9B1E-58CC91879BE1}
		{8E6D5255-776D-4B61-85F9-73C37AA1FB9A} = {A6A6AF7D-D6E3-442D-9B1E-58CC91879BE1}
		{10EE463A-C278-421F-8436-CB1E58375724} = {ED8079DD-2B06-4030-9F0F-DC548F98E1C4}
		{B5F6D89D-532C-4BDD-8F40-E2E8F68DF3A5} = {ED8079DD-2B06-4030-9F0F-DC548F98E1C4}
	EndGlobalSection
EndGlobal
